PODS:
  - "!ProtoCompiler (3.13.0)":
    - Protobuf (~> 3.0)
  - "!ProtoCompiler-gRPCPlugin (1.33.1)":
    - "!ProtoCompiler (= 3.13.0)"
    - gRPC-ProtoRPC (= 1.33.1)
  - abseil/algorithm/algorithm (1.20200225.0):
    - abseil/base/config
  - abseil/algorithm/container (1.20200225.0):
    - abseil/algorithm/algorithm
    - abseil/base/core_headers
    - abseil/meta/type_traits
  - abseil/base/atomic_hook (1.20200225.0):
    - abseil/base/config
    - abseil/base/core_headers
  - abseil/base/base (1.20200225.0):
    - abseil/base/atomic_hook
    - abseil/base/base_internal
    - abseil/base/config
    - abseil/base/core_headers
    - abseil/base/dynamic_annotations
    - abseil/base/log_severity
    - abseil/base/raw_logging_internal
    - abseil/base/spinlock_wait
    - abseil/meta/type_traits
  - abseil/base/base_internal (1.20200225.0):
    - abseil/base/config
    - abseil/meta/type_traits
  - abseil/base/bits (1.20200225.0):
    - abseil/base/config
    - abseil/base/core_headers
  - abseil/base/config (1.20200225.0)
  - abseil/base/core_headers (1.20200225.0):
    - abseil/base/config
  - abseil/base/dynamic_annotations (1.20200225.0)
  - abseil/base/endian (1.20200225.0):
    - abseil/base/config
    - abseil/base/core_headers
  - abseil/base/errno_saver (1.20200225.0):
    - abseil/base/config
  - abseil/base/exponential_biased (1.20200225.0):
    - abseil/base/config
    - abseil/base/core_headers
  - abseil/base/log_severity (1.20200225.0):
    - abseil/base/config
    - abseil/base/core_headers
  - abseil/base/malloc_internal (1.20200225.0):
    - abseil/base/base
    - abseil/base/base_internal
    - abseil/base/config
    - abseil/base/core_headers
    - abseil/base/dynamic_annotations
    - abseil/base/raw_logging_internal
  - abseil/base/raw_logging_internal (1.20200225.0):
    - abseil/base/atomic_hook
    - abseil/base/config
    - abseil/base/core_headers
    - abseil/base/log_severity
  - abseil/base/spinlock_wait (1.20200225.0):
    - abseil/base/base_internal
    - abseil/base/core_headers
    - abseil/base/errno_saver
  - abseil/base/throw_delegate (1.20200225.0):
    - abseil/base/config
    - abseil/base/raw_logging_internal
  - abseil/container/common (1.20200225.0):
    - abseil/meta/type_traits
    - abseil/types/optional
  - abseil/container/compressed_tuple (1.20200225.0):
    - abseil/utility/utility
  - abseil/container/container_memory (1.20200225.0):
    - abseil/memory/memory
    - abseil/utility/utility
  - abseil/container/fixed_array (1.20200225.0):
    - abseil/algorithm/algorithm
    - abseil/base/core_headers
    - abseil/base/dynamic_annotations
    - abseil/base/throw_delegate
    - abseil/container/compressed_tuple
    - abseil/memory/memory
  - abseil/container/flat_hash_set (1.20200225.0):
    - abseil/algorithm/container
    - abseil/base/core_headers
    - abseil/container/container_memory
    - abseil/container/hash_function_defaults
    - abseil/container/raw_hash_set
    - abseil/memory/memory
  - abseil/container/hash_function_defaults (1.20200225.0):
    - abseil/base/config
    - abseil/hash/hash
    - abseil/strings/strings
  - abseil/container/hash_policy_traits (1.20200225.0):
    - abseil/meta/type_traits
  - abseil/container/hashtable_debug_hooks (1.20200225.0):
    - abseil/base/config
  - abseil/container/hashtablez_sampler (1.20200225.0):
    - abseil/base/base
    - abseil/base/core_headers
    - abseil/base/exponential_biased
    - abseil/container/have_sse
    - abseil/debugging/stacktrace
    - abseil/memory/memory
    - abseil/synchronization/synchronization
    - abseil/utility/utility
  - abseil/container/have_sse (1.20200225.0)
  - abseil/container/inlined_vector (1.20200225.0):
    - abseil/algorithm/algorithm
    - abseil/base/core_headers
    - abseil/base/throw_delegate
    - abseil/container/inlined_vector_internal
    - abseil/memory/memory
  - abseil/container/inlined_vector_internal (1.20200225.0):
    - abseil/base/core_headers
    - abseil/container/compressed_tuple
    - abseil/memory/memory
    - abseil/meta/type_traits
    - abseil/types/span
  - abseil/container/layout (1.20200225.0):
    - abseil/base/core_headers
    - abseil/meta/type_traits
    - abseil/strings/strings
    - abseil/types/span
    - abseil/utility/utility
  - abseil/container/raw_hash_set (1.20200225.0):
    - abseil/base/bits
    - abseil/base/config
    - abseil/base/core_headers
    - abseil/base/endian
    - abseil/container/common
    - abseil/container/compressed_tuple
    - abseil/container/container_memory
    - abseil/container/hash_policy_traits
    - abseil/container/hashtable_debug_hooks
    - abseil/container/hashtablez_sampler
    - abseil/container/have_sse
    - abseil/container/layout
    - abseil/memory/memory
    - abseil/meta/type_traits
    - abseil/utility/utility
  - abseil/debugging/debugging_internal (1.20200225.0):
    - abseil/base/config
    - abseil/base/core_headers
    - abseil/base/dynamic_annotations
    - abseil/base/errno_saver
    - abseil/base/raw_logging_internal
  - abseil/debugging/demangle_internal (1.20200225.0):
    - abseil/base/base
    - abseil/base/config
    - abseil/base/core_headers
  - abseil/debugging/stacktrace (1.20200225.0):
    - abseil/base/config
    - abseil/base/core_headers
    - abseil/debugging/debugging_internal
  - abseil/debugging/symbolize (1.20200225.0):
    - abseil/base/base
    - abseil/base/config
    - abseil/base/core_headers
    - abseil/base/dynamic_annotations
    - abseil/base/malloc_internal
    - abseil/base/raw_logging_internal
    - abseil/debugging/debugging_internal
    - abseil/debugging/demangle_internal
  - abseil/functional/function_ref (1.20200225.0):
    - abseil/base/base_internal
    - abseil/meta/type_traits
  - abseil/hash/city (1.20200225.0):
    - abseil/base/config
    - abseil/base/core_headers
    - abseil/base/endian
  - abseil/hash/hash (1.20200225.0):
    - abseil/base/core_headers
    - abseil/base/endian
    - abseil/container/fixed_array
    - abseil/hash/city
    - abseil/meta/type_traits
    - abseil/numeric/int128
    - abseil/strings/strings
    - abseil/types/optional
    - abseil/types/variant
    - abseil/utility/utility
  - abseil/memory/memory (1.20200225.0):
    - abseil/base/core_headers
    - abseil/meta/type_traits
  - abseil/meta/type_traits (1.20200225.0):
    - abseil/base/config
  - abseil/numeric/int128 (1.20200225.0):
    - abseil/base/config
    - abseil/base/core_headers
  - abseil/status/status (1.20200225.0):
    - abseil/base/config
    - abseil/base/core_headers
    - abseil/base/raw_logging_internal
    - abseil/container/inlined_vector
    - abseil/debugging/stacktrace
    - abseil/debugging/symbolize
    - abseil/strings/cord
    - abseil/strings/str_format
    - abseil/strings/strings
    - abseil/types/optional
  - abseil/strings/cord (1.20200225.0):
    - abseil/base/base
    - abseil/base/base_internal
    - abseil/base/core_headers
    - abseil/base/endian
    - abseil/base/raw_logging_internal
    - abseil/container/fixed_array
    - abseil/container/inlined_vector
    - abseil/functional/function_ref
    - abseil/meta/type_traits
    - abseil/strings/cord_internal
    - abseil/strings/internal
    - abseil/strings/str_format
    - abseil/strings/strings
    - abseil/types/optional
  - abseil/strings/cord_internal (1.20200225.0):
    - abseil/meta/type_traits
    - abseil/strings/strings
  - abseil/strings/internal (1.20200225.0):
    - abseil/base/config
    - abseil/base/core_headers
    - abseil/base/endian
    - abseil/base/raw_logging_internal
    - abseil/meta/type_traits
  - abseil/strings/str_format (1.20200225.0):
    - abseil/strings/str_format_internal
  - abseil/strings/str_format_internal (1.20200225.0):
    - abseil/base/config
    - abseil/base/core_headers
    - abseil/meta/type_traits
    - abseil/numeric/int128
    - abseil/strings/strings
    - abseil/types/span
  - abseil/strings/strings (1.20200225.0):
    - abseil/base/base
    - abseil/base/bits
    - abseil/base/config
    - abseil/base/core_headers
    - abseil/base/endian
    - abseil/base/raw_logging_internal
    - abseil/base/throw_delegate
    - abseil/memory/memory
    - abseil/meta/type_traits
    - abseil/numeric/int128
    - abseil/strings/internal
  - abseil/synchronization/graphcycles_internal (1.20200225.0):
    - abseil/base/base
    - abseil/base/base_internal
    - abseil/base/config
    - abseil/base/core_headers
    - abseil/base/malloc_internal
    - abseil/base/raw_logging_internal
  - abseil/synchronization/kernel_timeout_internal (1.20200225.0):
    - abseil/base/core_headers
    - abseil/base/raw_logging_internal
    - abseil/time/time
  - abseil/synchronization/synchronization (1.20200225.0):
    - abseil/base/atomic_hook
    - abseil/base/base
    - abseil/base/base_internal
    - abseil/base/config
    - abseil/base/core_headers
    - abseil/base/dynamic_annotations
    - abseil/base/malloc_internal
    - abseil/base/raw_logging_internal
    - abseil/debugging/stacktrace
    - abseil/debugging/symbolize
    - abseil/synchronization/graphcycles_internal
    - abseil/synchronization/kernel_timeout_internal
    - abseil/time/time
  - abseil/time/internal/cctz/civil_time (1.20200225.0):
    - abseil/base/config
  - abseil/time/internal/cctz/time_zone (1.20200225.0):
    - abseil/base/config
    - abseil/time/internal/cctz/civil_time
  - abseil/time/time (1.20200225.0):
    - abseil/base/base
    - abseil/base/core_headers
    - abseil/base/raw_logging_internal
    - abseil/numeric/int128
    - abseil/strings/strings
    - abseil/time/internal/cctz/civil_time
    - abseil/time/internal/cctz/time_zone
  - abseil/types/bad_optional_access (1.20200225.0):
    - abseil/base/config
    - abseil/base/raw_logging_internal
  - abseil/types/bad_variant_access (1.20200225.0):
    - abseil/base/config
    - abseil/base/raw_logging_internal
  - abseil/types/optional (1.20200225.0):
    - abseil/base/base_internal
    - abseil/base/config
    - abseil/base/core_headers
    - abseil/memory/memory
    - abseil/meta/type_traits
    - abseil/types/bad_optional_access
    - abseil/utility/utility
  - abseil/types/span (1.20200225.0):
    - abseil/algorithm/algorithm
    - abseil/base/core_headers
    - abseil/base/throw_delegate
    - abseil/meta/type_traits
  - abseil/types/variant (1.20200225.0):
    - abseil/base/base_internal
    - abseil/base/config
    - abseil/base/core_headers
    - abseil/meta/type_traits
    - abseil/types/bad_variant_access
    - abseil/utility/utility
  - abseil/utility/utility (1.20200225.0):
    - abseil/base/base_internal
    - abseil/base/config
    - abseil/meta/type_traits
  - BoringSSL-GRPC (0.0.13):
    - BoringSSL-GRPC/Implementation (= 0.0.13)
    - BoringSSL-GRPC/Interface (= 0.0.13)
  - BoringSSL-GRPC/Implementation (0.0.13):
    - BoringSSL-GRPC/Interface (= 0.0.13)
  - BoringSSL-GRPC/Interface (0.0.13)
  - googleapis (0.0.1):
    - "!ProtoCompiler-gRPCPlugin (~> 1.0)"
    - googleapis/Messages (= 0.0.1)
    - googleapis/Services (= 0.0.1)
  - googleapis/Messages (0.0.1):
    - "!ProtoCompiler-gRPCPlugin (~> 1.0)"
    - Protobuf
  - googleapis/Services (0.0.1):
    - "!ProtoCompiler-gRPCPlugin (~> 1.0)"
    - googleapis/Messages
    - gRPC-ProtoRPC
  - gRPC-Core (1.33.1):
    - gRPC-Core/Implementation (= 1.33.1)
    - gRPC-Core/Interface (= 1.33.1)
  - gRPC-Core/Implementation (1.33.1):
    - abseil/base/base (= 1.20200225.0)
    - abseil/container/flat_hash_set (= 1.20200225.0)
    - abseil/container/inlined_vector (= 1.20200225.0)
    - abseil/memory/memory (= 1.20200225.0)
    - abseil/status/status (= 1.20200225.0)
    - abseil/strings/str_format (= 1.20200225.0)
    - abseil/strings/strings (= 1.20200225.0)
    - abseil/synchronization/synchronization (= 1.20200225.0)
    - abseil/time/time (= 1.20200225.0)
    - abseil/types/optional (= 1.20200225.0)
    - BoringSSL-GRPC (= 0.0.13)
    - gRPC-Core/Interface (= 1.33.1)
  - gRPC-Core/Interface (1.33.1)
  - gRPC-ProtoRPC (1.33.1):
    - gRPC-ProtoRPC/Legacy (= 1.33.1)
    - gRPC-ProtoRPC/Legacy-Header (= 1.33.1)
    - gRPC-ProtoRPC/Main (= 1.33.1)
  - gRPC-ProtoRPC/Legacy (1.33.1):
    - gRPC-ProtoRPC/Legacy-Header (= 1.33.1)
    - gRPC-ProtoRPC/Main (= 1.33.1)
    - gRPC-RxLibrary (= 1.33.1)
    - gRPC/GRPCCore (= 1.33.1)
    - Protobuf (~> 3.0)
  - gRPC-ProtoRPC/Legacy-Header (1.33.1)
  - gRPC-ProtoRPC/Main (1.33.1):
    - gRPC-ProtoRPC/Legacy-Header (= 1.33.1)
    - gRPC/Interface (= 1.33.1)
    - Protobuf (~> 3.0)
  - gRPC-RxLibrary (1.33.1):
    - gRPC-RxLibrary/Implementation (= 1.33.1)
    - gRPC-RxLibrary/Interface (= 1.33.1)
  - gRPC-RxLibrary/Implementation (1.33.1):
    - gRPC-RxLibrary/Interface
  - gRPC-RxLibrary/Interface (1.33.1)
  - gRPC/GRPCCore (1.33.1):
    - gRPC-Core (= 1.33.1)
    - gRPC-RxLibrary (= 1.33.1)
    - gRPC/Interface (= 1.33.1)
    - gRPC/Interface-Legacy (= 1.33.1)
  - gRPC/Interface (1.33.1):
    - gRPC/Interface-Legacy (= 1.33.1)
  - gRPC/Interface-Legacy (1.33.1):
    - gRPC-RxLibrary/Interface (= 1.33.1)
  - Masonry (1.1.0)
  - Protobuf (3.13.0)

DEPENDENCIES:
  - googleapis (from `.`)
  - Masonry

SPEC REPOS:
  https://github.com/CocoaPods/Specs.git:
    - "!ProtoCompiler"
    - "!ProtoCompiler-gRPCPlugin"
    - abseil
    - BoringSSL-GRPC
    - gRPC
    - gRPC-Core
    - gRPC-ProtoRPC
    - gRPC-RxLibrary
    - Masonry
    - Protobuf

EXTERNAL SOURCES:
  googleapis:
    :path: "."

SPEC CHECKSUMS:
  "!ProtoCompiler": 5d2653f7510f8c4a15ebf03ad1516c3684fb68dd
  "!ProtoCompiler-gRPCPlugin": 5482aa6d082d365c873a8496f6bb995decf48323
  abseil: 4fcdce446caa49368e0f5ba328cff93326c72a49
  BoringSSL-GRPC: 41adfd4432a3de4d89c5804e901749e62a7fe3e9
  googleapis: aca6318130c96d3f627ec57af5eb3c9f1dbcf963
  gRPC: 9a92176db1ea9646b055a801334be7315fbe5fa3
  gRPC-Core: 1be100864699534bd03d4664cc33a07196299ae5
  gRPC-ProtoRPC: 23bbbc0f1d59f579a35b01476c1e2ae428b89316
  gRPC-RxLibrary: fda857bcd5830a3f73e80cb623f6615f2107fde5
  Masonry: 678fab65091a9290e40e2832a55e7ab731aad201
  Protobuf: 3dac39b34a08151c6d949560efe3f86134a3f748

PODFILE CHECKSUM: 1dbcaf4f31898b6d7c7c846541783bf88c1f39c0

COCOAPODS: 1.10.0
