// !$*UTF8*$!
{
	archiveVersion = 1;
	classes = {
	};
	objectVersion = 50;
	objects = {

/* Begin PBXBuildFile section */
		48B7A096254A54FA00F72DF8 /* AppDelegate.m in Sources */ = {isa = PBXBuildFile; fileRef = 48B7A095254A54FA00F72DF8 /* AppDelegate.m */; };
		48B7A099254A54FA00F72DF8 /* FSMainCtl.m in Sources */ = {isa = PBXBuildFile; fileRef = 48B7A098254A54FA00F72DF8 /* FSMainCtl.m */; };
		48B7A09B254A54FD00F72DF8 /* Assets.xcassets in Resources */ = {isa = PBXBuildFile; fileRef = 48B7A09A254A54FD00F72DF8 /* Assets.xcassets */; };
		48B7A09E254A54FD00F72DF8 /* Main.storyboard in Resources */ = {isa = PBXBuildFile; fileRef = 48B7A09C254A54FD00F72DF8 /* Main.storyboard */; };
		48B7A0A1254A54FD00F72DF8 /* main.m in Sources */ = {isa = PBXBuildFile; fileRef = 48B7A0A0254A54FD00F72DF8 /* main.m */; };
		48B7A0AB254A555600F72DF8 /* FSWindowCtl.m in Sources */ = {isa = PBXBuildFile; fileRef = 48B7A0AA254A555600F72DF8 /* FSWindowCtl.m */; };
/* End PBXBuildFile section */

/* Begin PBXFileReference section */
		48B7A091254A54FA00F72DF8 /* FSToolBarDemo.app */ = {isa = PBXFileReference; explicitFileType = wrapper.application; includeInIndex = 0; path = FSToolBarDemo.app; sourceTree = BUILT_PRODUCTS_DIR; };
		48B7A094254A54FA00F72DF8 /* AppDelegate.h */ = {isa = PBXFileReference; lastKnownFileType = sourcecode.c.h; path = AppDelegate.h; sourceTree = "<group>"; };
		48B7A095254A54FA00F72DF8 /* AppDelegate.m */ = {isa = PBXFileReference; lastKnownFileType = sourcecode.c.objc; path = AppDelegate.m; sourceTree = "<group>"; };
		48B7A097254A54FA00F72DF8 /* FSMainCtl.h */ = {isa = PBXFileReference; lastKnownFileType = sourcecode.c.h; path = FSMainCtl.h; sourceTree = "<group>"; };
		48B7A098254A54FA00F72DF8 /* FSMainCtl.m */ = {isa = PBXFileReference; lastKnownFileType = sourcecode.c.objc; path = FSMainCtl.m; sourceTree = "<group>"; };
		48B7A09A254A54FD00F72DF8 /* Assets.xcassets */ = {isa = PBXFileReference; lastKnownFileType = folder.assetcatalog; path = Assets.xcassets; sourceTree = "<group>"; };
		48B7A09D254A54FD00F72DF8 /* Base */ = {isa = PBXFileReference; lastKnownFileType = file.storyboard; name = Base; path = Base.lproj/Main.storyboard; sourceTree = "<group>"; };
		48B7A09F254A54FD00F72DF8 /* Info.plist */ = {isa = PBXFileReference; lastKnownFileType = text.plist.xml; path = Info.plist; sourceTree = "<group>"; };
		48B7A0A0254A54FD00F72DF8 /* main.m */ = {isa = PBXFileReference; lastKnownFileType = sourcecode.c.objc; path = main.m; sourceTree = "<group>"; };
		48B7A0A2254A54FD00F72DF8 /* FSToolBarDemo.entitlements */ = {isa = PBXFileReference; lastKnownFileType = text.plist.entitlements; path = FSToolBarDemo.entitlements; sourceTree = "<group>"; };
		48B7A0A9254A555600F72DF8 /* FSWindowCtl.h */ = {isa = PBXFileReference; lastKnownFileType = sourcecode.c.h; path = FSWindowCtl.h; sourceTree = "<group>"; };
		48B7A0AA254A555600F72DF8 /* FSWindowCtl.m */ = {isa = PBXFileReference; lastKnownFileType = sourcecode.c.objc; path = FSWindowCtl.m; sourceTree = "<group>"; };
/* End PBXFileReference section */

/* Begin PBXFrameworksBuildPhase section */
		48B7A08E254A54FA00F72DF8 /* Frameworks */ = {
			isa = PBXFrameworksBuildPhase;
			buildActionMask = 2147483647;
			files = (
			);
			runOnlyForDeploymentPostprocessing = 0;
		};
/* End PBXFrameworksBuildPhase section */

/* Begin PBXGroup section */
		48B7A088254A54FA00F72DF8 = {
			isa = PBXGroup;
			children = (
				48B7A093254A54FA00F72DF8 /* FSToolBarDemo */,
				48B7A092254A54FA00F72DF8 /* Products */,
			);
			sourceTree = "<group>";
		};
		48B7A092254A54FA00F72DF8 /* Products */ = {
			isa = PBXGroup;
			children = (
				48B7A091254A54FA00F72DF8 /* FSToolBarDemo.app */,
			);
			name = Products;
			sourceTree = "<group>";
		};
		48B7A093254A54FA00F72DF8 /* FSToolBarDemo */ = {
			isa = PBXGroup;
			children = (
				48B7A0A2254A54FD00F72DF8 /* FSToolBarDemo.entitlements */,
				48B7A094254A54FA00F72DF8 /* AppDelegate.h */,
				48B7A095254A54FA00F72DF8 /* AppDelegate.m */,
				48B7A0A9254A555600F72DF8 /* FSWindowCtl.h */,
				48B7A0AA254A555600F72DF8 /* FSWindowCtl.m */,
				48B7A097254A54FA00F72DF8 /* FSMainCtl.h */,
				48B7A098254A54FA00F72DF8 /* FSMainCtl.m */,
				48B7A09A254A54FD00F72DF8 /* Assets.xcassets */,
				48B7A09C254A54FD00F72DF8 /* Main.storyboard */,
				48B7A09F254A54FD00F72DF8 /* Info.plist */,
				48B7A0A0254A54FD00F72DF8 /* main.m */,
			);
			path = FSToolBarDemo;
			sourceTree = "<group>";
		};
/* End PBXGroup section */

/* Begin PBXNativeTarget section */
		48B7A090254A54FA00F72DF8 /* FSToolBarDemo */ = {
			isa = PBXNativeTarget;
			buildConfigurationList = 48B7A0A5254A54FD00F72DF8 /* Build configuration list for PBXNativeTarget "FSToolBarDemo" */;
			buildPhases = (
				48B7A08D254A54FA00F72DF8 /* Sources */,
				48B7A08E254A54FA00F72DF8 /* Frameworks */,
				48B7A08F254A54FA00F72DF8 /* Resources */,
			);
			buildRules = (
			);
			dependencies = (
			);
			name = FSToolBarDemo;
			productName = FSToolBarDemo;
			productReference = 48B7A091254A54FA00F72DF8 /* FSToolBarDemo.app */;
			productType = "com.apple.product-type.application";
		};
/* End PBXNativeTarget section */

/* Begin PBXProject section */
		48B7A089254A54FA00F72DF8 /* Project object */ = {
			isa = PBXProject;
			attributes = {
				LastUpgradeCheck = 1210;
				TargetAttributes = {
					48B7A090254A54FA00F72DF8 = {
						CreatedOnToolsVersion = 12.1;
					};
				};
			};
			buildConfigurationList = 48B7A08C254A54FA00F72DF8 /* Build configuration list for PBXProject "FSToolBarDemo" */;
			compatibilityVersion = "Xcode 9.3";
			developmentRegion = en;
			hasScannedForEncodings = 0;
			knownRegions = (
				en,
				Base,
			);
			mainGroup = 48B7A088254A54FA00F72DF8;
			productRefGroup = 48B7A092254A54FA00F72DF8 /* Products */;
			projectDirPath = "";
			projectRoot = "";
			targets = (
				48B7A090254A54FA00F72DF8 /* FSToolBarDemo */,
			);
		};
/* End PBXProject section */

/* Begin PBXResourcesBuildPhase section */
		48B7A08F254A54FA00F72DF8 /* Resources */ = {
			isa = PBXResourcesBuildPhase;
			buildActionMask = 2147483647;
			files = (
				48B7A09B254A54FD00F72DF8 /* Assets.xcassets in Resources */,
				48B7A09E254A54FD00F72DF8 /* Main.storyboard in Resources */,
			);
			runOnlyForDeploymentPostprocessing = 0;
		};
/* End PBXResourcesBuildPhase section */

/* Begin PBXSourcesBuildPhase section */
		48B7A08D254A54FA00F72DF8 /* Sources */ = {
			isa = PBXSourcesBuildPhase;
			buildActionMask = 2147483647;
			files = (
				48B7A0AB254A555600F72DF8 /* FSWindowCtl.m in Sources */,
				48B7A099254A54FA00F72DF8 /* FSMainCtl.m in Sources */,
				48B7A0A1254A54FD00F72DF8 /* main.m in Sources */,
				48B7A096254A54FA00F72DF8 /* AppDelegate.m in Sources */,
			);
			runOnlyForDeploymentPostprocessing = 0;
		};
/* End PBXSourcesBuildPhase section */

/* Begin PBXVariantGroup section */
		48B7A09C254A54FD00F72DF8 /* Main.storyboard */ = {
			isa = PBXVariantGroup;
			children = (
				48B7A09D254A54FD00F72DF8 /* Base */,
			);
			name = Main.storyboard;
			sourceTree = "<group>";
		};
/* End PBXVariantGroup section */

/* Begin XCBuildConfiguration section */
		48B7A0A3254A54FD00F72DF8 /* Debug */ = {
			isa = XCBuildConfiguration;
			buildSettings = {
				ALWAYS_SEARCH_USER_PATHS = NO;
				CLANG_ANALYZER_NONNULL = YES;
				CLANG_ANALYZER_NUMBER_OBJECT_CONVERSION = YES_AGGRESSIVE;
				CLANG_CXX_LANGUAGE_STANDARD = "gnu++14";
				CLANG_CXX_LIBRARY = "libc++";
				CLANG_ENABLE_MODULES = YES;
				CLANG_ENABLE_OBJC_ARC = YES;
				CLANG_ENABLE_OBJC_WEAK = YES;
				CLANG_WARN_BLOCK_CAPTURE_AUTORELEASING = YES;
				CLANG_WARN_BOOL_CONVERSION = YES;
				CLANG_WARN_COMMA = YES;
				CLANG_WARN_CONSTANT_CONVERSION = YES;
				CLANG_WARN_DEPRECATED_OBJC_IMPLEMENTATIONS = YES;
				CLANG_WARN_DIRECT_OBJC_ISA_USAGE = YES_ERROR;
				CLANG_WARN_DOCUMENTATION_COMMENTS = YES;
				CLANG_WARN_EMPTY_BODY = YES;
				CLANG_WARN_ENUM_CONVERSION = YES;
				CLANG_WARN_INFINITE_RECURSION = YES;
				CLANG_WARN_INT_CONVERSION = YES;
				CLANG_WARN_NON_LITERAL_NULL_CONVERSION = YES;
				CLANG_WARN_OBJC_IMPLICIT_RETAIN_SELF = YES;
				CLANG_WARN_OBJC_LITERAL_CONVERSION = YES;
				CLANG_WARN_OBJC_ROOT_CLASS = YES_ERROR;
				CLANG_WARN_QUOTED_INCLUDE_IN_FRAMEWORK_HEADER = YES;
				CLANG_WARN_RANGE_LOOP_ANALYSIS = YES;
				CLANG_WARN_STRICT_PROTOTYPES = YES;
				CLANG_WARN_SUSPICIOUS_MOVE = YES;
				CLANG_WARN_UNGUARDED_AVAILABILITY = YES_AGGRESSIVE;
				CLANG_WARN_UNREACHABLE_CODE = YES;
				CLANG_WARN__DUPLICATE_METHOD_MATCH = YES;
				COPY_PHASE_STRIP = NO;
				DEBUG_INFORMATION_FORMAT = dwarf;
				ENABLE_STRICT_OBJC_MSGSEND = YES;
				ENABLE_TESTABILITY = YES;
				GCC_C_LANGUAGE_STANDARD = gnu11;
				GCC_DYNAMIC_NO_PIC = NO;
				GCC_NO_COMMON_BLOCKS = YES;
				GCC_OPTIMIZATION_LEVEL = 0;
				GCC_PREPROCESSOR_DEFINITIONS = (
					"DEBUG=1",
					"$(inherited)",
				);
				GCC_WARN_64_TO_32_BIT_CONVERSION = YES;
				GCC_WARN_ABOUT_RETURN_TYPE = YES_ERROR;
				GCC_WARN_UNDECLARED_SELECTOR = YES;
				GCC_WARN_UNINITIALIZED_AUTOS = YES_AGGRESSIVE;
				GCC_WARN_UNUSED_FUNCTION = YES;
				GCC_WARN_UNUSED_VARIABLE = YES;
				MACOSX_DEPLOYMENT_TARGET = 10.15;
				MTL_ENABLE_DEBUG_INFO = INCLUDE_SOURCE;
				MTL_FAST_MATH = YES;
				ONLY_ACTIVE_ARCH = YES;
				SDKROOT = macosx;
			};
			name = Debug;
		};
		48B7A0A4254A54FD00F72DF8 /* Release */ = {
			isa = XCBuildConfiguration;
			buildSettings = {
				ALWAYS_SEARCH_USER_PATHS = NO;
				CLANG_ANALYZER_NONNULL = YES;
				CLANG_ANALYZER_NUMBER_OBJECT_CONVERSION = YES_AGGRESSIVE;
				CLANG_CXX_LANGUAGE_STANDARD = "gnu++14";
				CLANG_CXX_LIBRARY = "libc++";
				CLANG_ENABLE_MODULES = YES;
				CLANG_ENABLE_OBJC_ARC = YES;
				CLANG_ENABLE_OBJC_WEAK = YES;
				CLANG_WARN_BLOCK_CAPTURE_AUTORELEASING = YES;
				CLANG_WARN_BOOL_CONVERSION = YES;
				CLANG_WARN_COMMA = YES;
				CLANG_WARN_CONSTANT_CONVERSION = YES;
				CLANG_WARN_DEPRECATED_OBJC_IMPLEMENTATIONS = YES;
				CLANG_WARN_DIRECT_OBJC_ISA_USAGE = YES_ERROR;
				CLANG_WARN_DOCUMENTATION_COMMENTS = YES;
				CLANG_WARN_EMPTY_BODY = YES;
				CLANG_WARN_ENUM_CONVERSION = YES;
				CLANG_WARN_INFINITE_RECURSION = YES;
				CLANG_WARN_INT_CONVERSION = YES;
				CLANG_WARN_NON_LITERAL_NULL_CONVERSION = YES;
				CLANG_WARN_OBJC_IMPLICIT_RETAIN_SELF = YES;
				CLANG_WARN_OBJC_LITERAL_CONVERSION = YES;
				CLANG_WARN_OBJC_ROOT_CLASS = YES_ERROR;
				CLANG_WARN_QUOTED_INCLUDE_IN_FRAMEWORK_HEADER = YES;
				CLANG_WARN_RANGE_LOOP_ANALYSIS = YES;
				CLANG_WARN_STRICT_PROTOTYPES = YES;
				CLANG_WARN_SUSPICIOUS_MOVE = YES;
				CLANG_WARN_UNGUARDED_AVAILABILITY = YES_AGGRESSIVE;
				CLANG_WARN_UNREACHABLE_CODE = YES;
				CLANG_WARN__DUPLICATE_METHOD_MATCH = YES;
				COPY_PHASE_STRIP = NO;
				DEBUG_INFORMATION_FORMAT = "dwarf-with-dsym";
				ENABLE_NS_ASSERTIONS = NO;
				ENABLE_STRICT_OBJC_MSGSEND = YES;
				GCC_C_LANGUAGE_STANDARD = gnu11;
				GCC_NO_COMMON_BLOCKS = YES;
				GCC_WARN_64_TO_32_BIT_CONVERSION = YES;
				GCC_WARN_ABOUT_RETURN_TYPE = YES_ERROR;
				GCC_WARN_UNDECLARED_SELECTOR = YES;
				GCC_WARN_UNINITIALIZED_AUTOS = YES_AGGRESSIVE;
				GCC_WARN_UNUSED_FUNCTION = YES;
				GCC_WARN_UNUSED_VARIABLE = YES;
				MACOSX_DEPLOYMENT_TARGET = 10.15;
				MTL_ENABLE_DEBUG_INFO = NO;
				MTL_FAST_MATH = YES;
				SDKROOT = macosx;
			};
			name = Release;
		};
		48B7A0A6254A54FD00F72DF8 /* Debug */ = {
			isa = XCBuildConfiguration;
			buildSettings = {
				ASSETCATALOG_COMPILER_APPICON_NAME = AppIcon;
				ASSETCATALOG_COMPILER_GLOBAL_ACCENT_COLOR_NAME = AccentColor;
				CODE_SIGN_ENTITLEMENTS = FSToolBarDemo/FSToolBarDemo.entitlements;
				CODE_SIGN_STYLE = Automatic;
				COMBINE_HIDPI_IMAGES = YES;
				DEVELOPMENT_TEAM = CJVWY5HNMC;
				ENABLE_HARDENED_RUNTIME = YES;
				INFOPLIST_FILE = FSToolBarDemo/Info.plist;
				LD_RUNPATH_SEARCH_PATHS = (
					"$(inherited)",
					"@executable_path/../Frameworks",
				);
				PRODUCT_BUNDLE_IDENTIFIER = com.forgetsou.FSToolBarDemo;
				PRODUCT_NAME = "$(TARGET_NAME)";
			};
			name = Debug;
		};
		48B7A0A7254A54FD00F72DF8 /* Release */ = {
			isa = XCBuildConfiguration;
			buildSettings = {
				ASSETCATALOG_COMPILER_APPICON_NAME = AppIcon;
				ASSETCATALOG_COMPILER_GLOBAL_ACCENT_COLOR_NAME = AccentColor;
				CODE_SIGN_ENTITLEMENTS = FSToolBarDemo/FSToolBarDemo.entitlements;
				CODE_SIGN_STYLE = Automatic;
				COMBINE_HIDPI_IMAGES = YES;
				DEVELOPMENT_TEAM = CJVWY5HNMC;
				ENABLE_HARDENED_RUNTIME = YES;
				INFOPLIST_FILE = FSToolBarDemo/Info.plist;
				LD_RUNPATH_SEARCH_PATHS = (
					"$(inherited)",
					"@executable_path/../Frameworks",
				);
				PRODUCT_BUNDLE_IDENTIFIER = com.forgetsou.FSToolBarDemo;
				PRODUCT_NAME = "$(TARGET_NAME)";
			};
			name = Release;
		};
/* End XCBuildConfiguration section */

/* Begin XCConfigurationList section */
		48B7A08C254A54FA00F72DF8 /* Build configuration list for PBXProject "FSToolBarDemo" */ = {
			isa = XCConfigurationList;
			buildConfigurations = (
				48B7A0A3254A54FD00F72DF8 /* Debug */,
				48B7A0A4254A54FD00F72DF8 /* Release */,
			);
			defaultConfigurationIsVisible = 0;
			defaultConfigurationName = Release;
		};
		48B7A0A5254A54FD00F72DF8 /* Build configuration list for PBXNativeTarget "FSToolBarDemo" */ = {
			isa = XCConfigurationList;
			buildConfigurations = (
				48B7A0A6254A54FD00F72DF8 /* Debug */,
				48B7A0A7254A54FD00F72DF8 /* Release */,
			);
			defaultConfigurationIsVisible = 0;
			defaultConfigurationName = Release;
		};
/* End XCConfigurationList section */
	};
	rootObject = 48B7A089254A54FA00F72DF8 /* Project object */;
}
