// !$*UTF8*$!
{
	archiveVersion = 1;
	classes = {
	};
	objectVersion = 51;
	objects = {

/* Begin PBXBuildFile section */
		481D053C2558F6C700BB8BD5 /* FSChatCell.m in Sources */ = {isa = PBXBuildFile; fileRef = 481D053A2558F6C700BB8BD5 /* FSChatCell.m */; };
		481D053D2558F6C700BB8BD5 /* FSChatCell.xib in Resources */ = {isa = PBXBuildFile; fileRef = 481D053B2558F6C700BB8BD5 /* FSChatCell.xib */; };
		482F06ED2551021500CFF635 /* FSMessageVC.m in Sources */ = {isa = PBXBuildFile; fileRef = 482F06EC2551021500CFF635 /* FSMessageVC.m */; };
		482F06F22551022600CFF635 /* FSContactVC.m in Sources */ = {isa = PBXBuildFile; fileRef = 482F06F12551022600CFF635 /* FSContactVC.m */; };
		482F06F62551023400CFF635 /* FSMoreVC.m in Sources */ = {isa = PBXBuildFile; fileRef = 482F06F52551023400CFF635 /* FSMoreVC.m */; };
		482F06F92551051300CFF635 /* message.storyboard in Resources */ = {isa = PBXBuildFile; fileRef = 482F06F82551051300CFF635 /* message.storyboard */; };
		482F06FC2551052100CFF635 /* contact.storyboard in Resources */ = {isa = PBXBuildFile; fileRef = 482F06FB2551052100CFF635 /* contact.storyboard */; };
		482F06FF2551052900CFF635 /* more.storyboard in Resources */ = {isa = PBXBuildFile; fileRef = 482F06FE2551052900CFF635 /* more.storyboard */; };
		483A5C4E254FFA5300A223F1 /* FSTabbarBtn.m in Sources */ = {isa = PBXBuildFile; fileRef = 483A5C4D254FFA5300A223F1 /* FSTabbarBtn.m */; };
		483A5C52254FFAAC00A223F1 /* FSTabbarView.m in Sources */ = {isa = PBXBuildFile; fileRef = 483A5C51254FFAAC00A223F1 /* FSTabbarView.m */; };
		483A5C55254FFAD000A223F1 /* FSTabbarView.xib in Resources */ = {isa = PBXBuildFile; fileRef = 483A5C54254FFAD000A223F1 /* FSTabbarView.xib */; };
		4894561E255007DB00E267B7 /* FSMainCtl.m in Sources */ = {isa = PBXBuildFile; fileRef = 4894561D255007DB00E267B7 /* FSMainCtl.m */; };
		48B79C0D255A64B900A5BBD1 /* FSChatHeaderView.m in Sources */ = {isa = PBXBuildFile; fileRef = 48B79C0C255A64B900A5BBD1 /* FSChatHeaderView.m */; };
		48B79C10255A64E200A5BBD1 /* FSChatHeaderView.xib in Resources */ = {isa = PBXBuildFile; fileRef = 48B79C0F255A64E200A5BBD1 /* FSChatHeaderView.xib */; };
		48B79C1F255A855C00A5BBD1 /* CCUtility.m in Sources */ = {isa = PBXBuildFile; fileRef = 48B79C1E255A855C00A5BBD1 /* CCUtility.m */; };
		48B79C2C255A85AF00A5BBD1 /* NSView+Extension.m in Sources */ = {isa = PBXBuildFile; fileRef = 48B79C2B255A85AF00A5BBD1 /* NSView+Extension.m */; };
		48B7A096254A54FA00F72DF8 /* AppDelegate.m in Sources */ = {isa = PBXBuildFile; fileRef = 48B7A095254A54FA00F72DF8 /* AppDelegate.m */; };
		48B7A09B254A54FD00F72DF8 /* Assets.xcassets in Resources */ = {isa = PBXBuildFile; fileRef = 48B7A09A254A54FD00F72DF8 /* Assets.xcassets */; };
		48B7A09E254A54FD00F72DF8 /* Main.storyboard in Resources */ = {isa = PBXBuildFile; fileRef = 48B7A09C254A54FD00F72DF8 /* Main.storyboard */; };
		48B7A0A1254A54FD00F72DF8 /* main.m in Sources */ = {isa = PBXBuildFile; fileRef = 48B7A0A0254A54FD00F72DF8 /* main.m */; };
		48B7A0AB254A555600F72DF8 /* FSWindowCtl.m in Sources */ = {isa = PBXBuildFile; fileRef = 48B7A0AA254A555600F72DF8 /* FSWindowCtl.m */; };
		48B7A0B3254AB1B100F72DF8 /* FSCustomBtn.m in Sources */ = {isa = PBXBuildFile; fileRef = 48B7A0B2254AB1B100F72DF8 /* FSCustomBtn.m */; };
		D0DA05FA26A3DB77917B3551 /* Pods_FSToolBarDemo.framework in Frameworks */ = {isa = PBXBuildFile; fileRef = 3DE3D375ADC182A512B92D01 /* Pods_FSToolBarDemo.framework */; };
/* End PBXBuildFile section */

/* Begin PBXFileReference section */
		12E8BB30520D3319CC01F2F2 /* Pods-FSToolBarDemo.release.xcconfig */ = {isa = PBXFileReference; includeInIndex = 1; lastKnownFileType = text.xcconfig; name = "Pods-FSToolBarDemo.release.xcconfig"; path = "Target Support Files/Pods-FSToolBarDemo/Pods-FSToolBarDemo.release.xcconfig"; sourceTree = "<group>"; };
		34E070D878E6CD4E1F31C050 /* Pods-FSToolBarDemo.debug.xcconfig */ = {isa = PBXFileReference; includeInIndex = 1; lastKnownFileType = text.xcconfig; name = "Pods-FSToolBarDemo.debug.xcconfig"; path = "Target Support Files/Pods-FSToolBarDemo/Pods-FSToolBarDemo.debug.xcconfig"; sourceTree = "<group>"; };
		3DE3D375ADC182A512B92D01 /* Pods_FSToolBarDemo.framework */ = {isa = PBXFileReference; explicitFileType = wrapper.framework; includeInIndex = 0; path = Pods_FSToolBarDemo.framework; sourceTree = BUILT_PRODUCTS_DIR; };
		481D05392558F6C700BB8BD5 /* FSChatCell.h */ = {isa = PBXFileReference; lastKnownFileType = sourcecode.c.h; path = FSChatCell.h; sourceTree = "<group>"; };
		481D053A2558F6C700BB8BD5 /* FSChatCell.m */ = {isa = PBXFileReference; lastKnownFileType = sourcecode.c.objc; path = FSChatCell.m; sourceTree = "<group>"; };
		481D053B2558F6C700BB8BD5 /* FSChatCell.xib */ = {isa = PBXFileReference; lastKnownFileType = file.xib; path = FSChatCell.xib; sourceTree = "<group>"; };
		482F06EB2551021500CFF635 /* FSMessageVC.h */ = {isa = PBXFileReference; lastKnownFileType = sourcecode.c.h; path = FSMessageVC.h; sourceTree = "<group>"; };
		482F06EC2551021500CFF635 /* FSMessageVC.m */ = {isa = PBXFileReference; lastKnownFileType = sourcecode.c.objc; path = FSMessageVC.m; sourceTree = "<group>"; };
		482F06F02551022600CFF635 /* FSContactVC.h */ = {isa = PBXFileReference; lastKnownFileType = sourcecode.c.h; path = FSContactVC.h; sourceTree = "<group>"; };
		482F06F12551022600CFF635 /* FSContactVC.m */ = {isa = PBXFileReference; lastKnownFileType = sourcecode.c.objc; path = FSContactVC.m; sourceTree = "<group>"; };
		482F06F42551023400CFF635 /* FSMoreVC.h */ = {isa = PBXFileReference; lastKnownFileType = sourcecode.c.h; path = FSMoreVC.h; sourceTree = "<group>"; };
		482F06F52551023400CFF635 /* FSMoreVC.m */ = {isa = PBXFileReference; lastKnownFileType = sourcecode.c.objc; path = FSMoreVC.m; sourceTree = "<group>"; };
		482F06F82551051300CFF635 /* message.storyboard */ = {isa = PBXFileReference; lastKnownFileType = file.storyboard; path = message.storyboard; sourceTree = "<group>"; };
		482F06FB2551052100CFF635 /* contact.storyboard */ = {isa = PBXFileReference; lastKnownFileType = file.storyboard; path = contact.storyboard; sourceTree = "<group>"; };
		482F06FE2551052900CFF635 /* more.storyboard */ = {isa = PBXFileReference; lastKnownFileType = file.storyboard; path = more.storyboard; sourceTree = "<group>"; };
		483A5C4C254FFA5300A223F1 /* FSTabbarBtn.h */ = {isa = PBXFileReference; lastKnownFileType = sourcecode.c.h; path = FSTabbarBtn.h; sourceTree = "<group>"; };
		483A5C4D254FFA5300A223F1 /* FSTabbarBtn.m */ = {isa = PBXFileReference; lastKnownFileType = sourcecode.c.objc; path = FSTabbarBtn.m; sourceTree = "<group>"; };
		483A5C50254FFAAC00A223F1 /* FSTabbarView.h */ = {isa = PBXFileReference; lastKnownFileType = sourcecode.c.h; path = FSTabbarView.h; sourceTree = "<group>"; };
		483A5C51254FFAAC00A223F1 /* FSTabbarView.m */ = {isa = PBXFileReference; lastKnownFileType = sourcecode.c.objc; path = FSTabbarView.m; sourceTree = "<group>"; };
		483A5C54254FFAD000A223F1 /* FSTabbarView.xib */ = {isa = PBXFileReference; lastKnownFileType = file.xib; path = FSTabbarView.xib; sourceTree = "<group>"; };
		4894561D255007DB00E267B7 /* FSMainCtl.m */ = {isa = PBXFileReference; fileEncoding = 4; lastKnownFileType = sourcecode.c.objc; path = FSMainCtl.m; sourceTree = "<group>"; };
		48B79C0B255A64B900A5BBD1 /* FSChatHeaderView.h */ = {isa = PBXFileReference; lastKnownFileType = sourcecode.c.h; path = FSChatHeaderView.h; sourceTree = "<group>"; };
		48B79C0C255A64B900A5BBD1 /* FSChatHeaderView.m */ = {isa = PBXFileReference; lastKnownFileType = sourcecode.c.objc; path = FSChatHeaderView.m; sourceTree = "<group>"; };
		48B79C0F255A64E200A5BBD1 /* FSChatHeaderView.xib */ = {isa = PBXFileReference; lastKnownFileType = file.xib; path = FSChatHeaderView.xib; sourceTree = "<group>"; };
		48B79C13255A80A500A5BBD1 /* PrefixHeader.pch */ = {isa = PBXFileReference; lastKnownFileType = sourcecode.c.h; path = PrefixHeader.pch; sourceTree = "<group>"; };
		48B79C16255A811B00A5BBD1 /* FSMacro.h */ = {isa = PBXFileReference; lastKnownFileType = sourcecode.c.h; path = FSMacro.h; sourceTree = "<group>"; };
		48B79C17255A814200A5BBD1 /* FSConstant.h */ = {isa = PBXFileReference; lastKnownFileType = sourcecode.c.h; path = FSConstant.h; sourceTree = "<group>"; };
		48B79C18255A814C00A5BBD1 /* FSGlobal.h */ = {isa = PBXFileReference; lastKnownFileType = sourcecode.c.h; path = FSGlobal.h; sourceTree = "<group>"; };
		48B79C1B255A81CD00A5BBD1 /* FSEnum.h */ = {isa = PBXFileReference; lastKnownFileType = sourcecode.c.h; path = FSEnum.h; sourceTree = "<group>"; };
		48B79C1D255A855C00A5BBD1 /* CCUtility.h */ = {isa = PBXFileReference; lastKnownFileType = sourcecode.c.h; path = CCUtility.h; sourceTree = "<group>"; };
		48B79C1E255A855C00A5BBD1 /* CCUtility.m */ = {isa = PBXFileReference; lastKnownFileType = sourcecode.c.objc; path = CCUtility.m; sourceTree = "<group>"; };
		48B79C2A255A85AF00A5BBD1 /* NSView+Extension.h */ = {isa = PBXFileReference; lastKnownFileType = sourcecode.c.h; path = "NSView+Extension.h"; sourceTree = "<group>"; };
		48B79C2B255A85AF00A5BBD1 /* NSView+Extension.m */ = {isa = PBXFileReference; lastKnownFileType = sourcecode.c.objc; path = "NSView+Extension.m"; sourceTree = "<group>"; };
		48B7A091254A54FA00F72DF8 /* FSToolBarDemo.app */ = {isa = PBXFileReference; explicitFileType = wrapper.application; includeInIndex = 0; path = FSToolBarDemo.app; sourceTree = BUILT_PRODUCTS_DIR; };
		48B7A094254A54FA00F72DF8 /* AppDelegate.h */ = {isa = PBXFileReference; lastKnownFileType = sourcecode.c.h; path = AppDelegate.h; sourceTree = "<group>"; };
		48B7A095254A54FA00F72DF8 /* AppDelegate.m */ = {isa = PBXFileReference; lastKnownFileType = sourcecode.c.objc; path = AppDelegate.m; sourceTree = "<group>"; };
		48B7A097254A54FA00F72DF8 /* FSMainCtl.h */ = {isa = PBXFileReference; lastKnownFileType = sourcecode.c.h; path = FSMainCtl.h; sourceTree = "<group>"; };
		48B7A09A254A54FD00F72DF8 /* Assets.xcassets */ = {isa = PBXFileReference; lastKnownFileType = folder.assetcatalog; path = Assets.xcassets; sourceTree = "<group>"; };
		48B7A09D254A54FD00F72DF8 /* Base */ = {isa = PBXFileReference; lastKnownFileType = file.storyboard; name = Base; path = Base.lproj/Main.storyboard; sourceTree = "<group>"; };
		48B7A09F254A54FD00F72DF8 /* Info.plist */ = {isa = PBXFileReference; lastKnownFileType = text.plist.xml; path = Info.plist; sourceTree = "<group>"; };
		48B7A0A0254A54FD00F72DF8 /* main.m */ = {isa = PBXFileReference; lastKnownFileType = sourcecode.c.objc; path = main.m; sourceTree = "<group>"; };
		48B7A0A2254A54FD00F72DF8 /* FSToolBarDemo.entitlements */ = {isa = PBXFileReference; lastKnownFileType = text.plist.entitlements; path = FSToolBarDemo.entitlements; sourceTree = "<group>"; };
		48B7A0A9254A555600F72DF8 /* FSWindowCtl.h */ = {isa = PBXFileReference; lastKnownFileType = sourcecode.c.h; path = FSWindowCtl.h; sourceTree = "<group>"; };
		48B7A0AA254A555600F72DF8 /* FSWindowCtl.m */ = {isa = PBXFileReference; lastKnownFileType = sourcecode.c.objc; path = FSWindowCtl.m; sourceTree = "<group>"; };
		48B7A0B1254AB1B100F72DF8 /* FSCustomBtn.h */ = {isa = PBXFileReference; lastKnownFileType = sourcecode.c.h; path = FSCustomBtn.h; sourceTree = "<group>"; };
		48B7A0B2254AB1B100F72DF8 /* FSCustomBtn.m */ = {isa = PBXFileReference; lastKnownFileType = sourcecode.c.objc; path = FSCustomBtn.m; sourceTree = "<group>"; };
/* End PBXFileReference section */

/* Begin PBXFrameworksBuildPhase section */
		48B7A08E254A54FA00F72DF8 /* Frameworks */ = {
			isa = PBXFrameworksBuildPhase;
			buildActionMask = 2147483647;
			files = (
				D0DA05FA26A3DB77917B3551 /* Pods_FSToolBarDemo.framework in Frameworks */,
			);
			runOnlyForDeploymentPostprocessing = 0;
		};
/* End PBXFrameworksBuildPhase section */

/* Begin PBXGroup section */
		25C8F4F23D48396B9B5D4203 /* Frameworks */ = {
			isa = PBXGroup;
			children = (
				3DE3D375ADC182A512B92D01 /* Pods_FSToolBarDemo.framework */,
			);
			name = Frameworks;
			sourceTree = "<group>";
		};
		482F06E8255101AC00CFF635 /* More */ = {
			isa = PBXGroup;
			children = (
				482F06F42551023400CFF635 /* FSMoreVC.h */,
				482F06F52551023400CFF635 /* FSMoreVC.m */,
				482F06FE2551052900CFF635 /* more.storyboard */,
			);
			path = More;
			sourceTree = "<group>";
		};
		482F06E9255101B300CFF635 /* Contact */ = {
			isa = PBXGroup;
			children = (
				482F06F02551022600CFF635 /* FSContactVC.h */,
				482F06F12551022600CFF635 /* FSContactVC.m */,
				482F06FB2551052100CFF635 /* contact.storyboard */,
			);
			path = Contact;
			sourceTree = "<group>";
		};
		482F06EA255101BA00CFF635 /* Message */ = {
			isa = PBXGroup;
			children = (
				482F06EB2551021500CFF635 /* FSMessageVC.h */,
				482F06EC2551021500CFF635 /* FSMessageVC.m */,
				482F06F82551051300CFF635 /* message.storyboard */,
				481D05392558F6C700BB8BD5 /* FSChatCell.h */,
				481D053A2558F6C700BB8BD5 /* FSChatCell.m */,
				481D053B2558F6C700BB8BD5 /* FSChatCell.xib */,
				48B79C0B255A64B900A5BBD1 /* FSChatHeaderView.h */,
				48B79C0C255A64B900A5BBD1 /* FSChatHeaderView.m */,
				48B79C0F255A64E200A5BBD1 /* FSChatHeaderView.xib */,
			);
			path = Message;
			sourceTree = "<group>";
		};
		483A5C5A2550075400A223F1 /* General */ = {
			isa = PBXGroup;
			children = (
				48B79C1C255A853E00A5BBD1 /* Utility */,
				48B79C1A255A81B500A5BBD1 /* Category */,
				48B79C19255A818500A5BBD1 /* View */,
				48B79C12255A805500A5BBD1 /* Macro */,
			);
			path = General;
			sourceTree = "<group>";
		};
		483A5C5B2550076F00A223F1 /* Core */ = {
			isa = PBXGroup;
			children = (
				48B7A09C254A54FD00F72DF8 /* Main.storyboard */,
				483A5C5C2550077E00A223F1 /* AppDelegate */,
				483A5C5D2550078C00A223F1 /* Window */,
				483A5C5E2550079C00A223F1 /* Main */,
			);
			path = Core;
			sourceTree = "<group>";
		};
		483A5C5C2550077E00A223F1 /* AppDelegate */ = {
			isa = PBXGroup;
			children = (
				48B7A094254A54FA00F72DF8 /* AppDelegate.h */,
				48B7A095254A54FA00F72DF8 /* AppDelegate.m */,
			);
			path = AppDelegate;
			sourceTree = "<group>";
		};
		483A5C5D2550078C00A223F1 /* Window */ = {
			isa = PBXGroup;
			children = (
				48B7A0A9254A555600F72DF8 /* FSWindowCtl.h */,
				48B7A0AA254A555600F72DF8 /* FSWindowCtl.m */,
			);
			path = Window;
			sourceTree = "<group>";
		};
		483A5C5E2550079C00A223F1 /* Main */ = {
			isa = PBXGroup;
			children = (
				48B7A097254A54FA00F72DF8 /* FSMainCtl.h */,
				4894561D255007DB00E267B7 /* FSMainCtl.m */,
				482F06EA255101BA00CFF635 /* Message */,
				482F06E9255101B300CFF635 /* Contact */,
				482F06E8255101AC00CFF635 /* More */,
			);
			path = Main;
			sourceTree = "<group>";
		};
		48B0883125529C8F004D13ED /* Resource */ = {
			isa = PBXGroup;
			children = (
				48B7A09A254A54FD00F72DF8 /* Assets.xcassets */,
			);
			path = Resource;
			sourceTree = "<group>";
		};
		48B79C12255A805500A5BBD1 /* Macro */ = {
			isa = PBXGroup;
			children = (
				48B79C16255A811B00A5BBD1 /* FSMacro.h */,
				48B79C17255A814200A5BBD1 /* FSConstant.h */,
				48B79C18255A814C00A5BBD1 /* FSGlobal.h */,
				48B79C1B255A81CD00A5BBD1 /* FSEnum.h */,
			);
			path = Macro;
			sourceTree = "<group>";
		};
		48B79C19255A818500A5BBD1 /* View */ = {
			isa = PBXGroup;
			children = (
				483A5C50254FFAAC00A223F1 /* FSTabbarView.h */,
				483A5C51254FFAAC00A223F1 /* FSTabbarView.m */,
				483A5C54254FFAD000A223F1 /* FSTabbarView.xib */,
				48B7A0B1254AB1B100F72DF8 /* FSCustomBtn.h */,
				48B7A0B2254AB1B100F72DF8 /* FSCustomBtn.m */,
				483A5C4C254FFA5300A223F1 /* FSTabbarBtn.h */,
				483A5C4D254FFA5300A223F1 /* FSTabbarBtn.m */,
			);
			path = View;
			sourceTree = "<group>";
		};
		48B79C1A255A81B500A5BBD1 /* Category */ = {
			isa = PBXGroup;
			children = (
				48B79C2A255A85AF00A5BBD1 /* NSView+Extension.h */,
				48B79C2B255A85AF00A5BBD1 /* NSView+Extension.m */,
			);
			path = Category;
			sourceTree = "<group>";
		};
		48B79C1C255A853E00A5BBD1 /* Utility */ = {
			isa = PBXGroup;
			children = (
				48B79C1D255A855C00A5BBD1 /* CCUtility.h */,
				48B79C1E255A855C00A5BBD1 /* CCUtility.m */,
			);
			path = Utility;
			sourceTree = "<group>";
		};
		48B7A088254A54FA00F72DF8 = {
			isa = PBXGroup;
			children = (
				48B7A093254A54FA00F72DF8 /* FSToolBarDemo */,
				48B7A092254A54FA00F72DF8 /* Products */,
				5D4243DB218E0B783D951C36 /* Pods */,
				25C8F4F23D48396B9B5D4203 /* Frameworks */,
			);
			sourceTree = "<group>";
		};
		48B7A092254A54FA00F72DF8 /* Products */ = {
			isa = PBXGroup;
			children = (
				48B7A091254A54FA00F72DF8 /* FSToolBarDemo.app */,
			);
			name = Products;
			sourceTree = "<group>";
		};
		48B7A093254A54FA00F72DF8 /* FSToolBarDemo */ = {
			isa = PBXGroup;
			children = (
				48B7A0A2254A54FD00F72DF8 /* FSToolBarDemo.entitlements */,
				483A5C5B2550076F00A223F1 /* Core */,
				483A5C5A2550075400A223F1 /* General */,
				48B0883125529C8F004D13ED /* Resource */,
				48B7A09F254A54FD00F72DF8 /* Info.plist */,
				48B7A0A0254A54FD00F72DF8 /* main.m */,
				48B79C13255A80A500A5BBD1 /* PrefixHeader.pch */,
			);
			path = FSToolBarDemo;
			sourceTree = "<group>";
		};
		5D4243DB218E0B783D951C36 /* Pods */ = {
			isa = PBXGroup;
			children = (
				34E070D878E6CD4E1F31C050 /* Pods-FSToolBarDemo.debug.xcconfig */,
				12E8BB30520D3319CC01F2F2 /* Pods-FSToolBarDemo.release.xcconfig */,
			);
			path = Pods;
			sourceTree = "<group>";
		};
/* End PBXGroup section */

/* Begin PBXNativeTarget section */
		48B7A090254A54FA00F72DF8 /* FSToolBarDemo */ = {
			isa = PBXNativeTarget;
			buildConfigurationList = 48B7A0A5254A54FD00F72DF8 /* Build configuration list for PBXNativeTarget "FSToolBarDemo" */;
			buildPhases = (
				FEE42662E869536D6F926818 /* [CP] Check Pods Manifest.lock */,
				48B7A08D254A54FA00F72DF8 /* Sources */,
				48B7A08E254A54FA00F72DF8 /* Frameworks */,
				48B7A08F254A54FA00F72DF8 /* Resources */,
				662C7F08DB1E04CEA743FA24 /* [CP] Embed Pods Frameworks */,
			);
			buildRules = (
			);
			dependencies = (
			);
			name = FSToolBarDemo;
			productName = FSToolBarDemo;
			productReference = 48B7A091254A54FA00F72DF8 /* FSToolBarDemo.app */;
			productType = "com.apple.product-type.application";
		};
/* End PBXNativeTarget section */

/* Begin PBXProject section */
		48B7A089254A54FA00F72DF8 /* Project object */ = {
			isa = PBXProject;
			attributes = {
				LastUpgradeCheck = 1210;
				TargetAttributes = {
					48B7A090254A54FA00F72DF8 = {
						CreatedOnToolsVersion = 12.1;
					};
				};
			};
			buildConfigurationList = 48B7A08C254A54FA00F72DF8 /* Build configuration list for PBXProject "FSToolBarDemo" */;
			compatibilityVersion = "Xcode 9.3";
			developmentRegion = en;
			hasScannedForEncodings = 0;
			knownRegions = (
				en,
				Base,
			);
			mainGroup = 48B7A088254A54FA00F72DF8;
			productRefGroup = 48B7A092254A54FA00F72DF8 /* Products */;
			projectDirPath = "";
			projectRoot = "";
			targets = (
				48B7A090254A54FA00F72DF8 /* FSToolBarDemo */,
			);
		};
/* End PBXProject section */

/* Begin PBXResourcesBuildPhase section */
		48B7A08F254A54FA00F72DF8 /* Resources */ = {
			isa = PBXResourcesBuildPhase;
			buildActionMask = 2147483647;
			files = (
				482F06FC2551052100CFF635 /* contact.storyboard in Resources */,
				482F06FF2551052900CFF635 /* more.storyboard in Resources */,
				48B79C10255A64E200A5BBD1 /* FSChatHeaderView.xib in Resources */,
				481D053D2558F6C700BB8BD5 /* FSChatCell.xib in Resources */,
				48B7A09B254A54FD00F72DF8 /* Assets.xcassets in Resources */,
				48B7A09E254A54FD00F72DF8 /* Main.storyboard in Resources */,
				482F06F92551051300CFF635 /* message.storyboard in Resources */,
				483A5C55254FFAD000A223F1 /* FSTabbarView.xib in Resources */,
			);
			runOnlyForDeploymentPostprocessing = 0;
		};
/* End PBXResourcesBuildPhase section */

/* Begin PBXShellScriptBuildPhase section */
		662C7F08DB1E04CEA743FA24 /* [CP] Embed Pods Frameworks */ = {
			isa = PBXShellScriptBuildPhase;
			buildActionMask = 2147483647;
			files = (
			);
			inputFileListPaths = (
				"${PODS_ROOT}/Target Support Files/Pods-FSToolBarDemo/Pods-FSToolBarDemo-frameworks-${CONFIGURATION}-input-files.xcfilelist",
			);
			name = "[CP] Embed Pods Frameworks";
			outputFileListPaths = (
				"${PODS_ROOT}/Target Support Files/Pods-FSToolBarDemo/Pods-FSToolBarDemo-frameworks-${CONFIGURATION}-output-files.xcfilelist",
			);
			runOnlyForDeploymentPostprocessing = 0;
			shellPath = /bin/sh;
			shellScript = "\"${PODS_ROOT}/Target Support Files/Pods-FSToolBarDemo/Pods-FSToolBarDemo-frameworks.sh\"\n";
			showEnvVarsInLog = 0;
		};
		FEE42662E869536D6F926818 /* [CP] Check Pods Manifest.lock */ = {
			isa = PBXShellScriptBuildPhase;
			buildActionMask = 2147483647;
			files = (
			);
			inputFileListPaths = (
			);
			inputPaths = (
				"${PODS_PODFILE_DIR_PATH}/Podfile.lock",
				"${PODS_ROOT}/Manifest.lock",
			);
			name = "[CP] Check Pods Manifest.lock";
			outputFileListPaths = (
			);
			outputPaths = (
				"$(DERIVED_FILE_DIR)/Pods-FSToolBarDemo-checkManifestLockResult.txt",
			);
			runOnlyForDeploymentPostprocessing = 0;
			shellPath = /bin/sh;
			shellScript = "diff \"${PODS_PODFILE_DIR_PATH}/Podfile.lock\" \"${PODS_ROOT}/Manifest.lock\" > /dev/null\nif [ $? != 0 ] ; then\n    # print error to STDERR\n    echo \"error: The sandbox is not in sync with the Podfile.lock. Run 'pod install' or update your CocoaPods installation.\" >&2\n    exit 1\nfi\n# This output is used by Xcode 'outputs' to avoid re-running this script phase.\necho \"SUCCESS\" > \"${SCRIPT_OUTPUT_FILE_0}\"\n";
			showEnvVarsInLog = 0;
		};
/* End PBXShellScriptBuildPhase section */

/* Begin PBXSourcesBuildPhase section */
		48B7A08D254A54FA00F72DF8 /* Sources */ = {
			isa = PBXSourcesBuildPhase;
			buildActionMask = 2147483647;
			files = (
				48B7A0B3254AB1B100F72DF8 /* FSCustomBtn.m in Sources */,
				483A5C4E254FFA5300A223F1 /* FSTabbarBtn.m in Sources */,
				482F06F62551023400CFF635 /* FSMoreVC.m in Sources */,
				48B7A0AB254A555600F72DF8 /* FSWindowCtl.m in Sources */,
				483A5C52254FFAAC00A223F1 /* FSTabbarView.m in Sources */,
				48B79C2C255A85AF00A5BBD1 /* NSView+Extension.m in Sources */,
				48B7A0A1254A54FD00F72DF8 /* main.m in Sources */,
				481D053C2558F6C700BB8BD5 /* FSChatCell.m in Sources */,
				48B7A096254A54FA00F72DF8 /* AppDelegate.m in Sources */,
				4894561E255007DB00E267B7 /* FSMainCtl.m in Sources */,
				48B79C1F255A855C00A5BBD1 /* CCUtility.m in Sources */,
				482F06ED2551021500CFF635 /* FSMessageVC.m in Sources */,
				48B79C0D255A64B900A5BBD1 /* FSChatHeaderView.m in Sources */,
				482F06F22551022600CFF635 /* FSContactVC.m in Sources */,
			);
			runOnlyForDeploymentPostprocessing = 0;
		};
/* End PBXSourcesBuildPhase section */

/* Begin PBXVariantGroup section */
		48B7A09C254A54FD00F72DF8 /* Main.storyboard */ = {
			isa = PBXVariantGroup;
			children = (
				48B7A09D254A54FD00F72DF8 /* Base */,
			);
			name = Main.storyboard;
			sourceTree = "<group>";
		};
/* End PBXVariantGroup section */

/* Begin XCBuildConfiguration section */
		48B7A0A3254A54FD00F72DF8 /* Debug */ = {
			isa = XCBuildConfiguration;
			buildSettings = {
				ALWAYS_SEARCH_USER_PATHS = NO;
				CLANG_ANALYZER_NONNULL = YES;
				CLANG_ANALYZER_NUMBER_OBJECT_CONVERSION = YES_AGGRESSIVE;
				CLANG_CXX_LANGUAGE_STANDARD = "gnu++14";
				CLANG_CXX_LIBRARY = "libc++";
				CLANG_ENABLE_MODULES = YES;
				CLANG_ENABLE_OBJC_ARC = YES;
				CLANG_ENABLE_OBJC_WEAK = YES;
				CLANG_WARN_BLOCK_CAPTURE_AUTORELEASING = YES;
				CLANG_WARN_BOOL_CONVERSION = YES;
				CLANG_WARN_COMMA = YES;
				CLANG_WARN_CONSTANT_CONVERSION = YES;
				CLANG_WARN_DEPRECATED_OBJC_IMPLEMENTATIONS = YES;
				CLANG_WARN_DIRECT_OBJC_ISA_USAGE = YES_ERROR;
				CLANG_WARN_DOCUMENTATION_COMMENTS = YES;
				CLANG_WARN_EMPTY_BODY = YES;
				CLANG_WARN_ENUM_CONVERSION = YES;
				CLANG_WARN_INFINITE_RECURSION = YES;
				CLANG_WARN_INT_CONVERSION = YES;
				CLANG_WARN_NON_LITERAL_NULL_CONVERSION = YES;
				CLANG_WARN_OBJC_IMPLICIT_RETAIN_SELF = YES;
				CLANG_WARN_OBJC_LITERAL_CONVERSION = YES;
				CLANG_WARN_OBJC_ROOT_CLASS = YES_ERROR;
				CLANG_WARN_QUOTED_INCLUDE_IN_FRAMEWORK_HEADER = YES;
				CLANG_WARN_RANGE_LOOP_ANALYSIS = YES;
				CLANG_WARN_STRICT_PROTOTYPES = YES;
				CLANG_WARN_SUSPICIOUS_MOVE = YES;
				CLANG_WARN_UNGUARDED_AVAILABILITY = YES_AGGRESSIVE;
				CLANG_WARN_UNREACHABLE_CODE = YES;
				CLANG_WARN__DUPLICATE_METHOD_MATCH = YES;
				COPY_PHASE_STRIP = NO;
				DEBUG_INFORMATION_FORMAT = dwarf;
				ENABLE_STRICT_OBJC_MSGSEND = YES;
				ENABLE_TESTABILITY = YES;
				GCC_C_LANGUAGE_STANDARD = gnu11;
				GCC_DYNAMIC_NO_PIC = NO;
				GCC_NO_COMMON_BLOCKS = YES;
				GCC_OPTIMIZATION_LEVEL = 0;
				GCC_PREPROCESSOR_DEFINITIONS = (
					"DEBUG=1",
					"$(inherited)",
				);
				GCC_WARN_64_TO_32_BIT_CONVERSION = YES;
				GCC_WARN_ABOUT_RETURN_TYPE = YES_ERROR;
				GCC_WARN_UNDECLARED_SELECTOR = YES;
				GCC_WARN_UNINITIALIZED_AUTOS = YES_AGGRESSIVE;
				GCC_WARN_UNUSED_FUNCTION = YES;
				GCC_WARN_UNUSED_VARIABLE = YES;
				MACOSX_DEPLOYMENT_TARGET = 10.15;
				MTL_ENABLE_DEBUG_INFO = INCLUDE_SOURCE;
				MTL_FAST_MATH = YES;
				ONLY_ACTIVE_ARCH = YES;
				SDKROOT = macosx;
			};
			name = Debug;
		};
		48B7A0A4254A54FD00F72DF8 /* Release */ = {
			isa = XCBuildConfiguration;
			buildSettings = {
				ALWAYS_SEARCH_USER_PATHS = NO;
				CLANG_ANALYZER_NONNULL = YES;
				CLANG_ANALYZER_NUMBER_OBJECT_CONVERSION = YES_AGGRESSIVE;
				CLANG_CXX_LANGUAGE_STANDARD = "gnu++14";
				CLANG_CXX_LIBRARY = "libc++";
				CLANG_ENABLE_MODULES = YES;
				CLANG_ENABLE_OBJC_ARC = YES;
				CLANG_ENABLE_OBJC_WEAK = YES;
				CLANG_WARN_BLOCK_CAPTURE_AUTORELEASING = YES;
				CLANG_WARN_BOOL_CONVERSION = YES;
				CLANG_WARN_COMMA = YES;
				CLANG_WARN_CONSTANT_CONVERSION = YES;
				CLANG_WARN_DEPRECATED_OBJC_IMPLEMENTATIONS = YES;
				CLANG_WARN_DIRECT_OBJC_ISA_USAGE = YES_ERROR;
				CLANG_WARN_DOCUMENTATION_COMMENTS = YES;
				CLANG_WARN_EMPTY_BODY = YES;
				CLANG_WARN_ENUM_CONVERSION = YES;
				CLANG_WARN_INFINITE_RECURSION = YES;
				CLANG_WARN_INT_CONVERSION = YES;
				CLANG_WARN_NON_LITERAL_NULL_CONVERSION = YES;
				CLANG_WARN_OBJC_IMPLICIT_RETAIN_SELF = YES;
				CLANG_WARN_OBJC_LITERAL_CONVERSION = YES;
				CLANG_WARN_OBJC_ROOT_CLASS = YES_ERROR;
				CLANG_WARN_QUOTED_INCLUDE_IN_FRAMEWORK_HEADER = YES;
				CLANG_WARN_RANGE_LOOP_ANALYSIS = YES;
				CLANG_WARN_STRICT_PROTOTYPES = YES;
				CLANG_WARN_SUSPICIOUS_MOVE = YES;
				CLANG_WARN_UNGUARDED_AVAILABILITY = YES_AGGRESSIVE;
				CLANG_WARN_UNREACHABLE_CODE = YES;
				CLANG_WARN__DUPLICATE_METHOD_MATCH = YES;
				COPY_PHASE_STRIP = NO;
				DEBUG_INFORMATION_FORMAT = "dwarf-with-dsym";
				ENABLE_NS_ASSERTIONS = NO;
				ENABLE_STRICT_OBJC_MSGSEND = YES;
				GCC_C_LANGUAGE_STANDARD = gnu11;
				GCC_NO_COMMON_BLOCKS = YES;
				GCC_WARN_64_TO_32_BIT_CONVERSION = YES;
				GCC_WARN_ABOUT_RETURN_TYPE = YES_ERROR;
				GCC_WARN_UNDECLARED_SELECTOR = YES;
				GCC_WARN_UNINITIALIZED_AUTOS = YES_AGGRESSIVE;
				GCC_WARN_UNUSED_FUNCTION = YES;
				GCC_WARN_UNUSED_VARIABLE = YES;
				MACOSX_DEPLOYMENT_TARGET = 10.15;
				MTL_ENABLE_DEBUG_INFO = NO;
				MTL_FAST_MATH = YES;
				SDKROOT = macosx;
			};
			name = Release;
		};
		48B7A0A6254A54FD00F72DF8 /* Debug */ = {
			isa = XCBuildConfiguration;
			baseConfigurationReference = 34E070D878E6CD4E1F31C050 /* Pods-FSToolBarDemo.debug.xcconfig */;
			buildSettings = {
				ASSETCATALOG_COMPILER_APPICON_NAME = AppIcon;
				ASSETCATALOG_COMPILER_GLOBAL_ACCENT_COLOR_NAME = AccentColor;
				CODE_SIGN_ENTITLEMENTS = FSToolBarDemo/FSToolBarDemo.entitlements;
				CODE_SIGN_STYLE = Automatic;
				COMBINE_HIDPI_IMAGES = YES;
				DEVELOPMENT_TEAM = CJVWY5HNMC;
				ENABLE_HARDENED_RUNTIME = YES;
				GCC_PREFIX_HEADER = FSToolBarDemo/PrefixHeader.pch;
				INFOPLIST_FILE = FSToolBarDemo/Info.plist;
				LD_RUNPATH_SEARCH_PATHS = (
					"$(inherited)",
					"@executable_path/../Frameworks",
				);
				PRODUCT_BUNDLE_IDENTIFIER = com.forgetsou.FSToolBarDemo;
				PRODUCT_NAME = "$(TARGET_NAME)";
			};
			name = Debug;
		};
		48B7A0A7254A54FD00F72DF8 /* Release */ = {
			isa = XCBuildConfiguration;
			baseConfigurationReference = 12E8BB30520D3319CC01F2F2 /* Pods-FSToolBarDemo.release.xcconfig */;
			buildSettings = {
				ASSETCATALOG_COMPILER_APPICON_NAME = AppIcon;
				ASSETCATALOG_COMPILER_GLOBAL_ACCENT_COLOR_NAME = AccentColor;
				CODE_SIGN_ENTITLEMENTS = FSToolBarDemo/FSToolBarDemo.entitlements;
				CODE_SIGN_STYLE = Automatic;
				COMBINE_HIDPI_IMAGES = YES;
				DEVELOPMENT_TEAM = CJVWY5HNMC;
				ENABLE_HARDENED_RUNTIME = YES;
				GCC_PREFIX_HEADER = FSToolBarDemo/PrefixHeader.pch;
				INFOPLIST_FILE = FSToolBarDemo/Info.plist;
				LD_RUNPATH_SEARCH_PATHS = (
					"$(inherited)",
					"@executable_path/../Frameworks",
				);
				PRODUCT_BUNDLE_IDENTIFIER = com.forgetsou.FSToolBarDemo;
				PRODUCT_NAME = "$(TARGET_NAME)";
			};
			name = Release;
		};
/* End XCBuildConfiguration section */

/* Begin XCConfigurationList section */
		48B7A08C254A54FA00F72DF8 /* Build configuration list for PBXProject "FSToolBarDemo" */ = {
			isa = XCConfigurationList;
			buildConfigurations = (
				48B7A0A3254A54FD00F72DF8 /* Debug */,
				48B7A0A4254A54FD00F72DF8 /* Release */,
			);
			defaultConfigurationIsVisible = 0;
			defaultConfigurationName = Release;
		};
		48B7A0A5254A54FD00F72DF8 /* Build configuration list for PBXNativeTarget "FSToolBarDemo" */ = {
			isa = XCConfigurationList;
			buildConfigurations = (
				48B7A0A6254A54FD00F72DF8 /* Debug */,
				48B7A0A7254A54FD00F72DF8 /* Release */,
			);
			defaultConfigurationIsVisible = 0;
			defaultConfigurationName = Release;
		};
/* End XCConfigurationList section */
	};
	rootObject = 48B7A089254A54FA00F72DF8 /* Project object */;
}
